
Microsoft Visual Studio Solution File, Format Version 12.00
# Visual Studio 15
VisualStudioVersion = 15.0.27004.2006
MinimumVisualStudioVersion = 10.0.40219.1
Project("{FAE04EC0-301F-11D3-BF4B-00C04F79EFBC}") = "Minesweeper", "Minesweeper\Minesweeper.csproj", "{9054C696-938A-40F0-B4B4-E9EFC81B46A1}"
EndProject
Global
	GlobalSection(SolutionConfigurationPlatforms) = preSolution
		Debug|Any CPU = Debug|Any CPU
		Release|Any CPU = Release|Any CPU
	EndGlobalSection
	GlobalSection(ProjectConfigurationPlatforms) = postSolution
		{9054C696-938A-40F0-B4B4-E9EFC81B46A1}.Debug|Any CPU.ActiveCfg = Debug|Any CPU
		{9054C696-938A-40F0-B4B4-E9EFC81B46A1}.Debug|Any CPU.Build.0 = Debug|Any CPU
		{9054C696-938A-40F0-B4B4-E9EFC81B46A1}.Release|Any CPU.ActiveCfg = Release|Any CPU
		{9054C696-938A-40F0-B4B4-E9EFC81B46A1}.Release|Any CPU.Build.0 = Release|Any CPU
	EndGlobalSection
	GlobalSection(SolutionProperties) = preSolution
		HideSolutionNode = FALSE
	EndGlobalSection
	GlobalSection(ExtensibilityGlobals) = postSolution
		SolutionGuid = {7C6462EA-F09C-4F7C-8CC6-6CDAA1C010FF}
	EndGlobalSection
EndGlobal
